
Microsoft Visual Studio Solution File, Format Version 12.00
# Visual Studio Version 17
VisualStudioVersion = 17.2.32630.192
MinimumVisualStudioVersion = 10.0.40219.1
Project("{FAE04EC0-301F-11D3-BF4B-00C04F79EFBC}") = "zTestConsoleApp", "zTestConsoleApp\zTestConsoleApp.csproj", "{502AC934-4B9E-4D17-A981-120A9B02C471}"
EndProject
Project("{FAE04EC0-301F-11D3-BF4B-00C04F79EFBC}") = "CSA-Method-Optional-Argument", "CSA-Method-Optional-Argument\CSA-Method-Optional-Argument.csproj", "{77B5A954-0356-4E6A-BF32-0CBED37A81B7}"
EndProject
Global
	GlobalSection(SolutionConfigurationPlatforms) = preSolution
		Debug|Any CPU = Debug|Any CPU
		Release|Any CPU = Release|Any CPU
	EndGlobalSection
	GlobalSection(ProjectConfigurationPlatforms) = postSolution
		{502AC934-4B9E-4D17-A981-120A9B02C471}.Debug|Any CPU.ActiveCfg = Debug|Any CPU
		{502AC934-4B9E-4D17-A981-120A9B02C471}.Debug|Any CPU.Build.0 = Debug|Any CPU
		{502AC934-4B9E-4D17-A981-120A9B02C471}.Release|Any CPU.ActiveCfg = Release|Any CPU
		{502AC934-4B9E-4D17-A981-120A9B02C471}.Release|Any CPU.Build.0 = Release|Any CPU
		{77B5A954-0356-4E6A-BF32-0CBED37A81B7}.Debug|Any CPU.ActiveCfg = Debug|Any CPU
		{77B5A954-0356-4E6A-BF32-0CBED37A81B7}.Debug|Any CPU.Build.0 = Debug|Any CPU
		{77B5A954-0356-4E6A-BF32-0CBED37A81B7}.Release|Any CPU.ActiveCfg = Release|Any CPU
		{77B5A954-0356-4E6A-BF32-0CBED37A81B7}.Release|Any CPU.Build.0 = Release|Any CPU
	EndGlobalSection
	GlobalSection(SolutionProperties) = preSolution
		HideSolutionNode = FALSE
	EndGlobalSection
	GlobalSection(ExtensibilityGlobals) = postSolution
		SolutionGuid = {C3AF4194-B45B-45C4-901E-EAF223D75AB5}
	EndGlobalSection
EndGlobal
