
Microsoft Visual Studio Solution File, Format Version 12.00
# Visual Studio Version 17
VisualStudioVersion = 17.2.32630.192
MinimumVisualStudioVersion = 10.0.40219.1
Project("{FAE04EC0-301F-11D3-BF4B-00C04F79EFBC}") = "zTestConsoleApp", "zTestConsoleApp\zTestConsoleApp.csproj", "{502AC934-4B9E-4D17-A981-120A9B02C471}"
EndProject
Project("{FAE04EC0-301F-11D3-BF4B-00C04F79EFBC}") = "CSA-Method-Optional-Argument", "CSA-Method-Optional-Argument\CSA-Method-Optional-Argument.csproj", "{77B5A954-0356-4E6A-BF32-0CBED37A81B7}"
EndProject
Project("{FAE04EC0-301F-11D3-BF4B-00C04F79EFBC}") = "CSA-ArithmeticOperator", "CSA-ArithmeticOperator\CSA-ArithmeticOperator.csproj", "{9DE8CC4E-CE71-4AE3-85FB-E73CF6B57621}"
EndProject
Project("{FAE04EC0-301F-11D3-BF4B-00C04F79EFBC}") = "CSA-Arrays", "CSA-Arrays\CSA-Arrays.csproj", "{D5635C02-9520-4229-B8AA-75178B371391}"
EndProject
Project("{FAE04EC0-301F-11D3-BF4B-00C04F79EFBC}") = "CSA-ArraysReadWrite", "CSA-ArraysReadWrite\CSA-ArraysReadWrite.csproj", "{B6C229F1-3EF7-46B9-B866-6E07AABEA159}"
EndProject
Project("{FAE04EC0-301F-11D3-BF4B-00C04F79EFBC}") = "CSA-MacroBasic", "CSA-MacroBasic\CSA-MacroBasic.csproj", "{0F169058-519E-40D4-8054-5753024255B6}"
EndProject
Project("{FAE04EC0-301F-11D3-BF4B-00C04F79EFBC}") = "CSA-Process-Memory-Usage", "CSA-Process-Memory-Usage\CSA-Process-Memory-Usage.csproj", "{34DB3D88-59ED-41E0-A10B-BB8E7EEC319C}"
EndProject
Project("{FAE04EC0-301F-11D3-BF4B-00C04F79EFBC}") = "CSA-Do-While-Loop", "CSA-Do-While-Loop\CSA-Do-While-Loop.csproj", "{ABE44064-A4FE-42D6-8074-5D8D164C7DA2}"
EndProject
Project("{FAE04EC0-301F-11D3-BF4B-00C04F79EFBC}") = "CSA-Logical-Operator", "CSA-Logical-Operator\CSA-Logical-Operator.csproj", "{6E3D31F3-B245-403B-B9CF-56E772CBF915}"
EndProject
Project("{FAE04EC0-301F-11D3-BF4B-00C04F79EFBC}") = "CSA-String-Interpolation-Vebatim", "CSA-String-Interpolation-Vebatim\CSA-String-Interpolation-Vebatim.csproj", "{C11D7D70-74F7-414A-BE6F-18969C1C6106}"
EndProject
Global
	GlobalSection(SolutionConfigurationPlatforms) = preSolution
		Debug|Any CPU = Debug|Any CPU
		Release|Any CPU = Release|Any CPU
	EndGlobalSection
	GlobalSection(ProjectConfigurationPlatforms) = postSolution
		{502AC934-4B9E-4D17-A981-120A9B02C471}.Debug|Any CPU.ActiveCfg = Debug|Any CPU
		{502AC934-4B9E-4D17-A981-120A9B02C471}.Debug|Any CPU.Build.0 = Debug|Any CPU
		{502AC934-4B9E-4D17-A981-120A9B02C471}.Release|Any CPU.ActiveCfg = Release|Any CPU
		{502AC934-4B9E-4D17-A981-120A9B02C471}.Release|Any CPU.Build.0 = Release|Any CPU
		{77B5A954-0356-4E6A-BF32-0CBED37A81B7}.Debug|Any CPU.ActiveCfg = Debug|Any CPU
		{77B5A954-0356-4E6A-BF32-0CBED37A81B7}.Debug|Any CPU.Build.0 = Debug|Any CPU
		{77B5A954-0356-4E6A-BF32-0CBED37A81B7}.Release|Any CPU.ActiveCfg = Release|Any CPU
		{77B5A954-0356-4E6A-BF32-0CBED37A81B7}.Release|Any CPU.Build.0 = Release|Any CPU
		{9DE8CC4E-CE71-4AE3-85FB-E73CF6B57621}.Debug|Any CPU.ActiveCfg = Debug|Any CPU
		{9DE8CC4E-CE71-4AE3-85FB-E73CF6B57621}.Debug|Any CPU.Build.0 = Debug|Any CPU
		{9DE8CC4E-CE71-4AE3-85FB-E73CF6B57621}.Release|Any CPU.ActiveCfg = Release|Any CPU
		{9DE8CC4E-CE71-4AE3-85FB-E73CF6B57621}.Release|Any CPU.Build.0 = Release|Any CPU
		{D5635C02-9520-4229-B8AA-75178B371391}.Debug|Any CPU.ActiveCfg = Debug|Any CPU
		{D5635C02-9520-4229-B8AA-75178B371391}.Debug|Any CPU.Build.0 = Debug|Any CPU
		{D5635C02-9520-4229-B8AA-75178B371391}.Release|Any CPU.ActiveCfg = Release|Any CPU
		{D5635C02-9520-4229-B8AA-75178B371391}.Release|Any CPU.Build.0 = Release|Any CPU
		{B6C229F1-3EF7-46B9-B866-6E07AABEA159}.Debug|Any CPU.ActiveCfg = Debug|Any CPU
		{B6C229F1-3EF7-46B9-B866-6E07AABEA159}.Debug|Any CPU.Build.0 = Debug|Any CPU
		{B6C229F1-3EF7-46B9-B866-6E07AABEA159}.Release|Any CPU.ActiveCfg = Release|Any CPU
		{B6C229F1-3EF7-46B9-B866-6E07AABEA159}.Release|Any CPU.Build.0 = Release|Any CPU
		{0F169058-519E-40D4-8054-5753024255B6}.Debug|Any CPU.ActiveCfg = Debug|Any CPU
		{0F169058-519E-40D4-8054-5753024255B6}.Debug|Any CPU.Build.0 = Debug|Any CPU
		{0F169058-519E-40D4-8054-5753024255B6}.Release|Any CPU.ActiveCfg = Release|Any CPU
		{0F169058-519E-40D4-8054-5753024255B6}.Release|Any CPU.Build.0 = Release|Any CPU
		{34DB3D88-59ED-41E0-A10B-BB8E7EEC319C}.Debug|Any CPU.ActiveCfg = Debug|Any CPU
		{34DB3D88-59ED-41E0-A10B-BB8E7EEC319C}.Debug|Any CPU.Build.0 = Debug|Any CPU
		{34DB3D88-59ED-41E0-A10B-BB8E7EEC319C}.Release|Any CPU.ActiveCfg = Release|Any CPU
		{34DB3D88-59ED-41E0-A10B-BB8E7EEC319C}.Release|Any CPU.Build.0 = Release|Any CPU
		{ABE44064-A4FE-42D6-8074-5D8D164C7DA2}.Debug|Any CPU.ActiveCfg = Debug|Any CPU
		{ABE44064-A4FE-42D6-8074-5D8D164C7DA2}.Debug|Any CPU.Build.0 = Debug|Any CPU
		{ABE44064-A4FE-42D6-8074-5D8D164C7DA2}.Release|Any CPU.ActiveCfg = Release|Any CPU
		{ABE44064-A4FE-42D6-8074-5D8D164C7DA2}.Release|Any CPU.Build.0 = Release|Any CPU
		{6E3D31F3-B245-403B-B9CF-56E772CBF915}.Debug|Any CPU.ActiveCfg = Debug|Any CPU
		{6E3D31F3-B245-403B-B9CF-56E772CBF915}.Debug|Any CPU.Build.0 = Debug|Any CPU
		{6E3D31F3-B245-403B-B9CF-56E772CBF915}.Release|Any CPU.ActiveCfg = Release|Any CPU
		{6E3D31F3-B245-403B-B9CF-56E772CBF915}.Release|Any CPU.Build.0 = Release|Any CPU
		{C11D7D70-74F7-414A-BE6F-18969C1C6106}.Debug|Any CPU.ActiveCfg = Debug|Any CPU
		{C11D7D70-74F7-414A-BE6F-18969C1C6106}.Debug|Any CPU.Build.0 = Debug|Any CPU
		{C11D7D70-74F7-414A-BE6F-18969C1C6106}.Release|Any CPU.ActiveCfg = Release|Any CPU
		{C11D7D70-74F7-414A-BE6F-18969C1C6106}.Release|Any CPU.Build.0 = Release|Any CPU
	EndGlobalSection
	GlobalSection(SolutionProperties) = preSolution
		HideSolutionNode = FALSE
	EndGlobalSection
	GlobalSection(ExtensibilityGlobals) = postSolution
		SolutionGuid = {C3AF4194-B45B-45C4-901E-EAF223D75AB5}
	EndGlobalSection
EndGlobal
